
Microsoft Visual Studio Solution File, Format Version 12.00
# Visual Studio 14
VisualStudioVersion = 14.0.25420.1
MinimumVisualStudioVersion = 10.0.40219.1
Project("{FAE04EC0-301F-11D3-BF4B-00C04F79EFBC}") = "Adapter", "Adapter\Adapter.csproj", "{D9FE2244-F452-4CCB-96D9-DCDD4BB6CB0F}"
EndProject
Project("{FAE04EC0-301F-11D3-BF4B-00C04F79EFBC}") = "Decoracor", "Decoracor\Decoracor.csproj", "{F6591254-E007-4988-ABEE-406C4D4738E0}"
EndProject
Project("{FAE04EC0-301F-11D3-BF4B-00C04F79EFBC}") = "Proxy", "Proxy\Proxy.csproj", "{CF8284EA-C777-4041-BBDF-EC84101D4A9D}"
EndProject
Project("{FAE04EC0-301F-11D3-BF4B-00C04F79EFBC}") = "Facade", "Facade\Facade.csproj", "{587091EA-2DC4-4152-84A3-5F448B895E3D}"
EndProject
Project("{FAE04EC0-301F-11D3-BF4B-00C04F79EFBC}") = "Composite", "Composite\Composite.csproj", "{C275D504-9A54-4C9B-91D2-9309B608F11D}"
EndProject
Global
	GlobalSection(SolutionConfigurationPlatforms) = preSolution
		Debug|Any CPU = Debug|Any CPU
		Release|Any CPU = Release|Any CPU
	EndGlobalSection
	GlobalSection(ProjectConfigurationPlatforms) = postSolution
		{D9FE2244-F452-4CCB-96D9-DCDD4BB6CB0F}.Debug|Any CPU.ActiveCfg = Debug|Any CPU
		{D9FE2244-F452-4CCB-96D9-DCDD4BB6CB0F}.Debug|Any CPU.Build.0 = Debug|Any CPU
		{D9FE2244-F452-4CCB-96D9-DCDD4BB6CB0F}.Release|Any CPU.ActiveCfg = Release|Any CPU
		{D9FE2244-F452-4CCB-96D9-DCDD4BB6CB0F}.Release|Any CPU.Build.0 = Release|Any CPU
		{F6591254-E007-4988-ABEE-406C4D4738E0}.Debug|Any CPU.ActiveCfg = Debug|Any CPU
		{F6591254-E007-4988-ABEE-406C4D4738E0}.Debug|Any CPU.Build.0 = Debug|Any CPU
		{F6591254-E007-4988-ABEE-406C4D4738E0}.Release|Any CPU.ActiveCfg = Release|Any CPU
		{F6591254-E007-4988-ABEE-406C4D4738E0}.Release|Any CPU.Build.0 = Release|Any CPU
		{CF8284EA-C777-4041-BBDF-EC84101D4A9D}.Debug|Any CPU.ActiveCfg = Debug|Any CPU
		{CF8284EA-C777-4041-BBDF-EC84101D4A9D}.Debug|Any CPU.Build.0 = Debug|Any CPU
		{CF8284EA-C777-4041-BBDF-EC84101D4A9D}.Release|Any CPU.ActiveCfg = Release|Any CPU
		{CF8284EA-C777-4041-BBDF-EC84101D4A9D}.Release|Any CPU.Build.0 = Release|Any CPU
		{587091EA-2DC4-4152-84A3-5F448B895E3D}.Debug|Any CPU.ActiveCfg = Debug|Any CPU
		{587091EA-2DC4-4152-84A3-5F448B895E3D}.Debug|Any CPU.Build.0 = Debug|Any CPU
		{587091EA-2DC4-4152-84A3-5F448B895E3D}.Release|Any CPU.ActiveCfg = Release|Any CPU
		{587091EA-2DC4-4152-84A3-5F448B895E3D}.Release|Any CPU.Build.0 = Release|Any CPU
		{C275D504-9A54-4C9B-91D2-9309B608F11D}.Debug|Any CPU.ActiveCfg = Debug|Any CPU
		{C275D504-9A54-4C9B-91D2-9309B608F11D}.Debug|Any CPU.Build.0 = Debug|Any CPU
		{C275D504-9A54-4C9B-91D2-9309B608F11D}.Release|Any CPU.ActiveCfg = Release|Any CPU
		{C275D504-9A54-4C9B-91D2-9309B608F11D}.Release|Any CPU.Build.0 = Release|Any CPU
	EndGlobalSection
	GlobalSection(SolutionProperties) = preSolution
		HideSolutionNode = FALSE
	EndGlobalSection
EndGlobal
